// !$*UTF8*$!
{
	archiveVersion = 1;
	classes = {
	};
	objectVersion = 46;
	objects = {

/* Begin PBXBuildFile section */
		1B070D6C274354DF35AE5C52 /* Pods_MovieSearch.framework in Frameworks */ = {isa = PBXBuildFile; fileRef = 3142000FA279124E132513BE /* Pods_MovieSearch.framework */; };
		359D5BC30FB82FB3D08C1C6A /* Pods_MovieSearchTests.framework in Frameworks */ = {isa = PBXBuildFile; fileRef = 7FAAECD91F36E1A248E84A1A /* Pods_MovieSearchTests.framework */; };
		6DBE33328D5CE93F1A0E367D /* Pods_MovieSearchUITests.framework in Frameworks */ = {isa = PBXBuildFile; fileRef = 8453F9D110CF9AF6BEDD24B6 /* Pods_MovieSearchUITests.framework */; };
		A10698641F45768100A93857 /* DetailViewController.swift in Sources */ = {isa = PBXBuildFile; fileRef = A10698631F45768100A93857 /* DetailViewController.swift */; };
		A18C8D161F4406540090F0B6 /* AppDelegate.swift in Sources */ = {isa = PBXBuildFile; fileRef = A18C8D151F4406530090F0B6 /* AppDelegate.swift */; };
		A18C8D181F4406540090F0B6 /* ViewController.swift in Sources */ = {isa = PBXBuildFile; fileRef = A18C8D171F4406540090F0B6 /* ViewController.swift */; };
		A18C8D1B1F4406540090F0B6 /* Main.storyboard in Resources */ = {isa = PBXBuildFile; fileRef = A18C8D191F4406540090F0B6 /* Main.storyboard */; };
		A18C8D1D1F4406540090F0B6 /* Assets.xcassets in Resources */ = {isa = PBXBuildFile; fileRef = A18C8D1C1F4406540090F0B6 /* Assets.xcassets */; };
		A18C8D201F4406540090F0B6 /* LaunchScreen.storyboard in Resources */ = {isa = PBXBuildFile; fileRef = A18C8D1E1F4406540090F0B6 /* LaunchScreen.storyboard */; };
		A18C8D2B1F4406540090F0B6 /* MovieSearchTests.swift in Sources */ = {isa = PBXBuildFile; fileRef = A18C8D2A1F4406540090F0B6 /* MovieSearchTests.swift */; };
		A18C8D361F4406540090F0B6 /* MovieSearchUITests.swift in Sources */ = {isa = PBXBuildFile; fileRef = A18C8D351F4406540090F0B6 /* MovieSearchUITests.swift */; };
		A18C8D451F4420400090F0B6 /* CollectionViewCell.swift in Sources */ = {isa = PBXBuildFile; fileRef = A18C8D431F4420400090F0B6 /* CollectionViewCell.swift */; };
		A18C8D481F4428EF0090F0B6 /* Model.swift in Sources */ = {isa = PBXBuildFile; fileRef = A18C8D471F4428EF0090F0B6 /* Model.swift */; };
		A1A639861F46E394009E717E /* PopularMovieViewController.swift in Sources */ = {isa = PBXBuildFile; fileRef = A1A639851F46E394009E717E /* PopularMovieViewController.swift */; };
		A1A639881F46E643009E717E /* PopularmovieCollectionViewCell.swift in Sources */ = {isa = PBXBuildFile; fileRef = A1A639871F46E643009E717E /* PopularmovieCollectionViewCell.swift */; };
		A1A6398A1F46EB16009E717E /* RatedMovieViewController.swift in Sources */ = {isa = PBXBuildFile; fileRef = A1A639891F46EB16009E717E /* RatedMovieViewController.swift */; };
		A1A6398C1F46EB2E009E717E /* RatedCollectionViewCell.swift in Sources */ = {isa = PBXBuildFile; fileRef = A1A6398B1F46EB2E009E717E /* RatedCollectionViewCell.swift */; };
/* End PBXBuildFile section */

/* Begin PBXContainerItemProxy section */
		A18C8D271F4406540090F0B6 /* PBXContainerItemProxy */ = {
			isa = PBXContainerItemProxy;
			containerPortal = A18C8D0A1F4406530090F0B6 /* Project object */;
			proxyType = 1;
			remoteGlobalIDString = A18C8D111F4406530090F0B6;
			remoteInfo = MovieSearch;
		};
		A18C8D321F4406540090F0B6 /* PBXContainerItemProxy */ = {
			isa = PBXContainerItemProxy;
			containerPortal = A18C8D0A1F4406530090F0B6 /* Project object */;
			proxyType = 1;
			remoteGlobalIDString = A18C8D111F4406530090F0B6;
			remoteInfo = MovieSearch;
		};
/* End PBXContainerItemProxy section */

/* Begin PBXFileReference section */
		05AAAF90B675615F88C9CB77 /* Pods-MovieSearchTests.debug.xcconfig */ = {isa = PBXFileReference; includeInIndex = 1; lastKnownFileType = text.xcconfig; name = "Pods-MovieSearchTests.debug.xcconfig"; path = "Pods/Target Support Files/Pods-MovieSearchTests/Pods-MovieSearchTests.debug.xcconfig"; sourceTree = "<group>"; };
		3142000FA279124E132513BE /* Pods_MovieSearch.framework */ = {isa = PBXFileReference; explicitFileType = wrapper.framework; includeInIndex = 0; path = Pods_MovieSearch.framework; sourceTree = BUILT_PRODUCTS_DIR; };
		34DE0D42CEBC2307BFD49DBD /* Pods-MovieSearch.release.xcconfig */ = {isa = PBXFileReference; includeInIndex = 1; lastKnownFileType = text.xcconfig; name = "Pods-MovieSearch.release.xcconfig"; path = "Pods/Target Support Files/Pods-MovieSearch/Pods-MovieSearch.release.xcconfig"; sourceTree = "<group>"; };
		3ED2CBBC8EEFB1CBC615F68B /* Pods-MovieSearchUITests.debug.xcconfig */ = {isa = PBXFileReference; includeInIndex = 1; lastKnownFileType = text.xcconfig; name = "Pods-MovieSearchUITests.debug.xcconfig"; path = "Pods/Target Support Files/Pods-MovieSearchUITests/Pods-MovieSearchUITests.debug.xcconfig"; sourceTree = "<group>"; };
		76C42AEC86BD86E60D3C2165 /* Pods-MovieSearchTests.release.xcconfig */ = {isa = PBXFileReference; includeInIndex = 1; lastKnownFileType = text.xcconfig; name = "Pods-MovieSearchTests.release.xcconfig"; path = "Pods/Target Support Files/Pods-MovieSearchTests/Pods-MovieSearchTests.release.xcconfig"; sourceTree = "<group>"; };
		7FAAECD91F36E1A248E84A1A /* Pods_MovieSearchTests.framework */ = {isa = PBXFileReference; explicitFileType = wrapper.framework; includeInIndex = 0; path = Pods_MovieSearchTests.framework; sourceTree = BUILT_PRODUCTS_DIR; };
		8453F9D110CF9AF6BEDD24B6 /* Pods_MovieSearchUITests.framework */ = {isa = PBXFileReference; explicitFileType = wrapper.framework; includeInIndex = 0; path = Pods_MovieSearchUITests.framework; sourceTree = BUILT_PRODUCTS_DIR; };
		88BC5CA30D138F38E74DCB9E /* Pods-MovieSearch.debug.xcconfig */ = {isa = PBXFileReference; includeInIndex = 1; lastKnownFileType = text.xcconfig; name = "Pods-MovieSearch.debug.xcconfig"; path = "Pods/Target Support Files/Pods-MovieSearch/Pods-MovieSearch.debug.xcconfig"; sourceTree = "<group>"; };
		A09B3D3569D1B86C0488C05B /* Pods-MovieSearchUITests.release.xcconfig */ = {isa = PBXFileReference; includeInIndex = 1; lastKnownFileType = text.xcconfig; name = "Pods-MovieSearchUITests.release.xcconfig"; path = "Pods/Target Support Files/Pods-MovieSearchUITests/Pods-MovieSearchUITests.release.xcconfig"; sourceTree = "<group>"; };
		A10698631F45768100A93857 /* DetailViewController.swift */ = {isa = PBXFileReference; fileEncoding = 4; lastKnownFileType = sourcecode.swift; path = DetailViewController.swift; sourceTree = "<group>"; };
		A18C8D121F4406530090F0B6 /* MovieSearch.app */ = {isa = PBXFileReference; explicitFileType = wrapper.application; includeInIndex = 0; path = MovieSearch.app; sourceTree = BUILT_PRODUCTS_DIR; };
		A18C8D151F4406530090F0B6 /* AppDelegate.swift */ = {isa = PBXFileReference; lastKnownFileType = sourcecode.swift; path = AppDelegate.swift; sourceTree = "<group>"; };
		A18C8D171F4406540090F0B6 /* ViewController.swift */ = {isa = PBXFileReference; lastKnownFileType = sourcecode.swift; path = ViewController.swift; sourceTree = "<group>"; };
		A18C8D1A1F4406540090F0B6 /* Base */ = {isa = PBXFileReference; lastKnownFileType = file.storyboard; name = Base; path = Base.lproj/Main.storyboard; sourceTree = "<group>"; };
		A18C8D1C1F4406540090F0B6 /* Assets.xcassets */ = {isa = PBXFileReference; lastKnownFileType = folder.assetcatalog; path = Assets.xcassets; sourceTree = "<group>"; };
		A18C8D1F1F4406540090F0B6 /* Base */ = {isa = PBXFileReference; lastKnownFileType = file.storyboard; name = Base; path = Base.lproj/LaunchScreen.storyboard; sourceTree = "<group>"; };
		A18C8D211F4406540090F0B6 /* Info.plist */ = {isa = PBXFileReference; lastKnownFileType = text.plist.xml; path = Info.plist; sourceTree = "<group>"; };
		A18C8D261F4406540090F0B6 /* MovieSearchTests.xctest */ = {isa = PBXFileReference; explicitFileType = wrapper.cfbundle; includeInIndex = 0; path = MovieSearchTests.xctest; sourceTree = BUILT_PRODUCTS_DIR; };
		A18C8D2A1F4406540090F0B6 /* MovieSearchTests.swift */ = {isa = PBXFileReference; lastKnownFileType = sourcecode.swift; path = MovieSearchTests.swift; sourceTree = "<group>"; };
		A18C8D2C1F4406540090F0B6 /* Info.plist */ = {isa = PBXFileReference; lastKnownFileType = text.plist.xml; path = Info.plist; sourceTree = "<group>"; };
		A18C8D311F4406540090F0B6 /* MovieSearchUITests.xctest */ = {isa = PBXFileReference; explicitFileType = wrapper.cfbundle; includeInIndex = 0; path = MovieSearchUITests.xctest; sourceTree = BUILT_PRODUCTS_DIR; };
		A18C8D351F4406540090F0B6 /* MovieSearchUITests.swift */ = {isa = PBXFileReference; lastKnownFileType = sourcecode.swift; path = MovieSearchUITests.swift; sourceTree = "<group>"; };
		A18C8D371F4406540090F0B6 /* Info.plist */ = {isa = PBXFileReference; lastKnownFileType = text.plist.xml; path = Info.plist; sourceTree = "<group>"; };
		A18C8D431F4420400090F0B6 /* CollectionViewCell.swift */ = {isa = PBXFileReference; fileEncoding = 4; lastKnownFileType = sourcecode.swift; path = CollectionViewCell.swift; sourceTree = "<group>"; };
		A18C8D471F4428EF0090F0B6 /* Model.swift */ = {isa = PBXFileReference; fileEncoding = 4; lastKnownFileType = sourcecode.swift; path = Model.swift; sourceTree = "<group>"; };
		A1A639851F46E394009E717E /* PopularMovieViewController.swift */ = {isa = PBXFileReference; fileEncoding = 4; lastKnownFileType = sourcecode.swift; path = PopularMovieViewController.swift; sourceTree = "<group>"; };
		A1A639871F46E643009E717E /* PopularmovieCollectionViewCell.swift */ = {isa = PBXFileReference; fileEncoding = 4; lastKnownFileType = sourcecode.swift; path = PopularmovieCollectionViewCell.swift; sourceTree = "<group>"; };
		A1A639891F46EB16009E717E /* RatedMovieViewController.swift */ = {isa = PBXFileReference; fileEncoding = 4; lastKnownFileType = sourcecode.swift; path = RatedMovieViewController.swift; sourceTree = "<group>"; };
		A1A6398B1F46EB2E009E717E /* RatedCollectionViewCell.swift */ = {isa = PBXFileReference; fileEncoding = 4; lastKnownFileType = sourcecode.swift; path = RatedCollectionViewCell.swift; sourceTree = "<group>"; };
/* End PBXFileReference section */

/* Begin PBXFrameworksBuildPhase section */
		A18C8D0F1F4406530090F0B6 /* Frameworks */ = {
			isa = PBXFrameworksBuildPhase;
			buildActionMask = 2147483647;
			files = (
				1B070D6C274354DF35AE5C52 /* Pods_MovieSearch.framework in Frameworks */,
			);
			runOnlyForDeploymentPostprocessing = 0;
		};
		A18C8D231F4406540090F0B6 /* Frameworks */ = {
			isa = PBXFrameworksBuildPhase;
			buildActionMask = 2147483647;
			files = (
				359D5BC30FB82FB3D08C1C6A /* Pods_MovieSearchTests.framework in Frameworks */,
			);
			runOnlyForDeploymentPostprocessing = 0;
		};
		A18C8D2E1F4406540090F0B6 /* Frameworks */ = {
			isa = PBXFrameworksBuildPhase;
			buildActionMask = 2147483647;
			files = (
				6DBE33328D5CE93F1A0E367D /* Pods_MovieSearchUITests.framework in Frameworks */,
			);
			runOnlyForDeploymentPostprocessing = 0;
		};
/* End PBXFrameworksBuildPhase section */

/* Begin PBXGroup section */
		2D1D5D001C0F088B81549DCE /* Pods */ = {
			isa = PBXGroup;
			children = (
				88BC5CA30D138F38E74DCB9E /* Pods-MovieSearch.debug.xcconfig */,
				34DE0D42CEBC2307BFD49DBD /* Pods-MovieSearch.release.xcconfig */,
				05AAAF90B675615F88C9CB77 /* Pods-MovieSearchTests.debug.xcconfig */,
				76C42AEC86BD86E60D3C2165 /* Pods-MovieSearchTests.release.xcconfig */,
				3ED2CBBC8EEFB1CBC615F68B /* Pods-MovieSearchUITests.debug.xcconfig */,
				A09B3D3569D1B86C0488C05B /* Pods-MovieSearchUITests.release.xcconfig */,
			);
			name = Pods;
			sourceTree = "<group>";
		};
		A18C8D091F4406530090F0B6 = {
			isa = PBXGroup;
			children = (
				A18C8D141F4406530090F0B6 /* MovieSearch */,
				A18C8D291F4406540090F0B6 /* MovieSearchTests */,
				A18C8D341F4406540090F0B6 /* MovieSearchUITests */,
				A18C8D131F4406530090F0B6 /* Products */,
				2D1D5D001C0F088B81549DCE /* Pods */,
				D77E756C1570D1A89631CE2D /* Frameworks */,
			);
			sourceTree = "<group>";
		};
		A18C8D131F4406530090F0B6 /* Products */ = {
			isa = PBXGroup;
			children = (
				A18C8D121F4406530090F0B6 /* MovieSearch.app */,
				A18C8D261F4406540090F0B6 /* MovieSearchTests.xctest */,
				A18C8D311F4406540090F0B6 /* MovieSearchUITests.xctest */,
			);
			name = Products;
			sourceTree = "<group>";
		};
		A18C8D141F4406530090F0B6 /* MovieSearch */ = {
			isa = PBXGroup;
			children = (
				A18C8D151F4406530090F0B6 /* AppDelegate.swift */,
				A18C8D171F4406540090F0B6 /* ViewController.swift */,
				A18C8D191F4406540090F0B6 /* Main.storyboard */,
				A18C8D1C1F4406540090F0B6 /* Assets.xcassets */,
				A18C8D1E1F4406540090F0B6 /* LaunchScreen.storyboard */,
				A18C8D211F4406540090F0B6 /* Info.plist */,
				A18C8D431F4420400090F0B6 /* CollectionViewCell.swift */,
				A18C8D471F4428EF0090F0B6 /* Model.swift */,
				A10698631F45768100A93857 /* DetailViewController.swift */,
				A1A639851F46E394009E717E /* PopularMovieViewController.swift */,
				A1A639871F46E643009E717E /* PopularmovieCollectionViewCell.swift */,
				A1A639891F46EB16009E717E /* RatedMovieViewController.swift */,
				A1A6398B1F46EB2E009E717E /* RatedCollectionViewCell.swift */,
			);
			path = MovieSearch;
			sourceTree = "<group>";
		};
		A18C8D291F4406540090F0B6 /* MovieSearchTests */ = {
			isa = PBXGroup;
			children = (
				A18C8D2A1F4406540090F0B6 /* MovieSearchTests.swift */,
				A18C8D2C1F4406540090F0B6 /* Info.plist */,
			);
			path = MovieSearchTests;
			sourceTree = "<group>";
		};
		A18C8D341F4406540090F0B6 /* MovieSearchUITests */ = {
			isa = PBXGroup;
			children = (
				A18C8D351F4406540090F0B6 /* MovieSearchUITests.swift */,
				A18C8D371F4406540090F0B6 /* Info.plist */,
			);
			path = MovieSearchUITests;
			sourceTree = "<group>";
		};
		D77E756C1570D1A89631CE2D /* Frameworks */ = {
			isa = PBXGroup;
			children = (
				3142000FA279124E132513BE /* Pods_MovieSearch.framework */,
				7FAAECD91F36E1A248E84A1A /* Pods_MovieSearchTests.framework */,
				8453F9D110CF9AF6BEDD24B6 /* Pods_MovieSearchUITests.framework */,
			);
			name = Frameworks;
			sourceTree = "<group>";
		};
/* End PBXGroup section */

/* Begin PBXNativeTarget section */
		A18C8D111F4406530090F0B6 /* MovieSearch */ = {
			isa = PBXNativeTarget;
			buildConfigurationList = A18C8D3A1F4406540090F0B6 /* Build configuration list for PBXNativeTarget "MovieSearch" */;
			buildPhases = (
				F0BB4EC8CEFD47F4170449DA /* [CP] Check Pods Manifest.lock */,
				A18C8D0E1F4406530090F0B6 /* Sources */,
				A18C8D0F1F4406530090F0B6 /* Frameworks */,
				A18C8D101F4406530090F0B6 /* Resources */,
				FF9C8556324C82882E1E4474 /* [CP] Embed Pods Frameworks */,
				DFA7C5C8235003D5EAF89070 /* [CP] Copy Pods Resources */,
			);
			buildRules = (
			);
			dependencies = (
			);
			name = MovieSearch;
			productName = MovieSearch;
			productReference = A18C8D121F4406530090F0B6 /* MovieSearch.app */;
			productType = "com.apple.product-type.application";
		};
		A18C8D251F4406540090F0B6 /* MovieSearchTests */ = {
			isa = PBXNativeTarget;
			buildConfigurationList = A18C8D3D1F4406540090F0B6 /* Build configuration list for PBXNativeTarget "MovieSearchTests" */;
			buildPhases = (
				D606BB3C6ADDA01851919D99 /* [CP] Check Pods Manifest.lock */,
				A18C8D221F4406540090F0B6 /* Sources */,
				A18C8D231F4406540090F0B6 /* Frameworks */,
				A18C8D241F4406540090F0B6 /* Resources */,
				03BBB385B850897062320CFD /* [CP] Embed Pods Frameworks */,
				F1457AA09FDE879E3D9FDFEF /* [CP] Copy Pods Resources */,
			);
			buildRules = (
			);
			dependencies = (
				A18C8D281F4406540090F0B6 /* PBXTargetDependency */,
			);
			name = MovieSearchTests;
			productName = MovieSearchTests;
			productReference = A18C8D261F4406540090F0B6 /* MovieSearchTests.xctest */;
			productType = "com.apple.product-type.bundle.unit-test";
		};
		A18C8D301F4406540090F0B6 /* MovieSearchUITests */ = {
			isa = PBXNativeTarget;
			buildConfigurationList = A18C8D401F4406540090F0B6 /* Build configuration list for PBXNativeTarget "MovieSearchUITests" */;
			buildPhases = (
				801319D883D504087F932109 /* [CP] Check Pods Manifest.lock */,
				A18C8D2D1F4406540090F0B6 /* Sources */,
				A18C8D2E1F4406540090F0B6 /* Frameworks */,
				A18C8D2F1F4406540090F0B6 /* Resources */,
				6D24E040DD24207C3CAFAA9D /* [CP] Embed Pods Frameworks */,
				3E85B58B6B091336DC55E2CD /* [CP] Copy Pods Resources */,
			);
			buildRules = (
			);
			dependencies = (
				A18C8D331F4406540090F0B6 /* PBXTargetDependency */,
			);
			name = MovieSearchUITests;
			productName = MovieSearchUITests;
			productReference = A18C8D311F4406540090F0B6 /* MovieSearchUITests.xctest */;
			productType = "com.apple.product-type.bundle.ui-testing";
		};
/* End PBXNativeTarget section */

/* Begin PBXProject section */
		A18C8D0A1F4406530090F0B6 /* Project object */ = {
			isa = PBXProject;
			attributes = {
				LastSwiftUpdateCheck = 0830;
				LastUpgradeCheck = 0830;
				ORGANIZATIONNAME = Apple;
				TargetAttributes = {
					A18C8D111F4406530090F0B6 = {
						CreatedOnToolsVersion = 8.3.3;
						ProvisioningStyle = Automatic;
					};
					A18C8D251F4406540090F0B6 = {
						CreatedOnToolsVersion = 8.3.3;
						ProvisioningStyle = Automatic;
						TestTargetID = A18C8D111F4406530090F0B6;
					};
					A18C8D301F4406540090F0B6 = {
						CreatedOnToolsVersion = 8.3.3;
						ProvisioningStyle = Automatic;
						TestTargetID = A18C8D111F4406530090F0B6;
					};
				};
			};
			buildConfigurationList = A18C8D0D1F4406530090F0B6 /* Build configuration list for PBXProject "MovieSearch" */;
			compatibilityVersion = "Xcode 3.2";
			developmentRegion = English;
			hasScannedForEncodings = 0;
			knownRegions = (
				en,
				Base,
			);
			mainGroup = A18C8D091F4406530090F0B6;
			productRefGroup = A18C8D131F4406530090F0B6 /* Products */;
			projectDirPath = "";
			projectRoot = "";
			targets = (
				A18C8D111F4406530090F0B6 /* MovieSearch */,
				A18C8D251F4406540090F0B6 /* MovieSearchTests */,
				A18C8D301F4406540090F0B6 /* MovieSearchUITests */,
			);
		};
/* End PBXProject section */

/* Begin PBXResourcesBuildPhase section */
		A18C8D101F4406530090F0B6 /* Resources */ = {
			isa = PBXResourcesBuildPhase;
			buildActionMask = 2147483647;
			files = (
				A18C8D201F4406540090F0B6 /* LaunchScreen.storyboard in Resources */,
				A18C8D1D1F4406540090F0B6 /* Assets.xcassets in Resources */,
				A18C8D1B1F4406540090F0B6 /* Main.storyboard in Resources */,
			);
			runOnlyForDeploymentPostprocessing = 0;
		};
		A18C8D241F4406540090F0B6 /* Resources */ = {
			isa = PBXResourcesBuildPhase;
			buildActionMask = 2147483647;
			files = (
			);
			runOnlyForDeploymentPostprocessing = 0;
		};
		A18C8D2F1F4406540090F0B6 /* Resources */ = {
			isa = PBXResourcesBuildPhase;
			buildActionMask = 2147483647;
			files = (
			);
			runOnlyForDeploymentPostprocessing = 0;
		};
/* End PBXResourcesBuildPhase section */

/* Begin PBXShellScriptBuildPhase section */
		03BBB385B850897062320CFD /* [CP] Embed Pods Frameworks */ = {
			isa = PBXShellScriptBuildPhase;
			buildActionMask = 2147483647;
			files = (
			);
			inputPaths = (
			);
			name = "[CP] Embed Pods Frameworks";
			outputPaths = (
			);
			runOnlyForDeploymentPostprocessing = 0;
			shellPath = /bin/sh;
			shellScript = "\"${SRCROOT}/Pods/Target Support Files/Pods-MovieSearchTests/Pods-MovieSearchTests-frameworks.sh\"\n";
			showEnvVarsInLog = 0;
		};
		3E85B58B6B091336DC55E2CD /* [CP] Copy Pods Resources */ = {
			isa = PBXShellScriptBuildPhase;
			buildActionMask = 2147483647;
			files = (
			);
			inputPaths = (
			);
			name = "[CP] Copy Pods Resources";
			outputPaths = (
			);
			runOnlyForDeploymentPostprocessing = 0;
			shellPath = /bin/sh;
			shellScript = "\"${SRCROOT}/Pods/Target Support Files/Pods-MovieSearchUITests/Pods-MovieSearchUITests-resources.sh\"\n";
			showEnvVarsInLog = 0;
		};
		6D24E040DD24207C3CAFAA9D /* [CP] Embed Pods Frameworks */ = {
			isa = PBXShellScriptBuildPhase;
			buildActionMask = 2147483647;
			files = (
			);
			inputPaths = (
			);
			name = "[CP] Embed Pods Frameworks";
			outputPaths = (
			);
			runOnlyForDeploymentPostprocessing = 0;
			shellPath = /bin/sh;
			shellScript = "\"${SRCROOT}/Pods/Target Support Files/Pods-MovieSearchUITests/Pods-MovieSearchUITests-frameworks.sh\"\n";
			showEnvVarsInLog = 0;
		};
		801319D883D504087F932109 /* [CP] Check Pods Manifest.lock */ = {
			isa = PBXShellScriptBuildPhase;
			buildActionMask = 2147483647;
			files = (
			);
			inputPaths = (
			);
			name = "[CP] Check Pods Manifest.lock";
			outputPaths = (
			);
			runOnlyForDeploymentPostprocessing = 0;
			shellPath = /bin/sh;
			shellScript = "diff \"${PODS_ROOT}/../Podfile.lock\" \"${PODS_ROOT}/Manifest.lock\" > /dev/null\nif [ $? != 0 ] ; then\n    # print error to STDERR\n    echo \"error: The sandbox is not in sync with the Podfile.lock. Run 'pod install' or update your CocoaPods installation.\" >&2\n    exit 1\nfi\n";
			showEnvVarsInLog = 0;
		};
		D606BB3C6ADDA01851919D99 /* [CP] Check Pods Manifest.lock */ = {
			isa = PBXShellScriptBuildPhase;
			buildActionMask = 2147483647;
			files = (
			);
			inputPaths = (
			);
			name = "[CP] Check Pods Manifest.lock";
			outputPaths = (
			);
			runOnlyForDeploymentPostprocessing = 0;
			shellPath = /bin/sh;
			shellScript = "diff \"${PODS_ROOT}/../Podfile.lock\" \"${PODS_ROOT}/Manifest.lock\" > /dev/null\nif [ $? != 0 ] ; then\n    # print error to STDERR\n    echo \"error: The sandbox is not in sync with the Podfile.lock. Run 'pod install' or update your CocoaPods installation.\" >&2\n    exit 1\nfi\n";
			showEnvVarsInLog = 0;
		};
		DFA7C5C8235003D5EAF89070 /* [CP] Copy Pods Resources */ = {
			isa = PBXShellScriptBuildPhase;
			buildActionMask = 2147483647;
			files = (
			);
			inputPaths = (
			);
			name = "[CP] Copy Pods Resources";
			outputPaths = (
			);
			runOnlyForDeploymentPostprocessing = 0;
			shellPath = /bin/sh;
			shellScript = "\"${SRCROOT}/Pods/Target Support Files/Pods-MovieSearch/Pods-MovieSearch-resources.sh\"\n";
			showEnvVarsInLog = 0;
		};
		F0BB4EC8CEFD47F4170449DA /* [CP] Check Pods Manifest.lock */ = {
			isa = PBXShellScriptBuildPhase;
			buildActionMask = 2147483647;
			files = (
			);
			inputPaths = (
			);
			name = "[CP] Check Pods Manifest.lock";
			outputPaths = (
			);
			runOnlyForDeploymentPostprocessing = 0;
			shellPath = /bin/sh;
			shellScript = "diff \"${PODS_ROOT}/../Podfile.lock\" \"${PODS_ROOT}/Manifest.lock\" > /dev/null\nif [ $? != 0 ] ; then\n    # print error to STDERR\n    echo \"error: The sandbox is not in sync with the Podfile.lock. Run 'pod install' or update your CocoaPods installation.\" >&2\n    exit 1\nfi\n";
			showEnvVarsInLog = 0;
		};
		F1457AA09FDE879E3D9FDFEF /* [CP] Copy Pods Resources */ = {
			isa = PBXShellScriptBuildPhase;
			buildActionMask = 2147483647;
			files = (
			);
			inputPaths = (
			);
			name = "[CP] Copy Pods Resources";
			outputPaths = (
			);
			runOnlyForDeploymentPostprocessing = 0;
			shellPath = /bin/sh;
			shellScript = "\"${SRCROOT}/Pods/Target Support Files/Pods-MovieSearchTests/Pods-MovieSearchTests-resources.sh\"\n";
			showEnvVarsInLog = 0;
		};
		FF9C8556324C82882E1E4474 /* [CP] Embed Pods Frameworks */ = {
			isa = PBXShellScriptBuildPhase;
			buildActionMask = 2147483647;
			files = (
			);
			inputPaths = (
			);
			name = "[CP] Embed Pods Frameworks";
			outputPaths = (
			);
			runOnlyForDeploymentPostprocessing = 0;
			shellPath = /bin/sh;
			shellScript = "\"${SRCROOT}/Pods/Target Support Files/Pods-MovieSearch/Pods-MovieSearch-frameworks.sh\"\n";
			showEnvVarsInLog = 0;
		};
/* End PBXShellScriptBuildPhase section */

/* Begin PBXSourcesBuildPhase section */
		A18C8D0E1F4406530090F0B6 /* Sources */ = {
			isa = PBXSourcesBuildPhase;
			buildActionMask = 2147483647;
			files = (
				A1A6398A1F46EB16009E717E /* RatedMovieViewController.swift in Sources */,
				A1A6398C1F46EB2E009E717E /* RatedCollectionViewCell.swift in Sources */,
				A1A639881F46E643009E717E /* PopularmovieCollectionViewCell.swift in Sources */,
				A1A639861F46E394009E717E /* PopularMovieViewController.swift in Sources */,
				A18C8D181F4406540090F0B6 /* ViewController.swift in Sources */,
				A18C8D481F4428EF0090F0B6 /* Model.swift in Sources */,
				A10698641F45768100A93857 /* DetailViewController.swift in Sources */,
				A18C8D161F4406540090F0B6 /* AppDelegate.swift in Sources */,
				A18C8D451F4420400090F0B6 /* CollectionViewCell.swift in Sources */,
			);
			runOnlyForDeploymentPostprocessing = 0;
		};
		A18C8D221F4406540090F0B6 /* Sources */ = {
			isa = PBXSourcesBuildPhase;
			buildActionMask = 2147483647;
			files = (
				A18C8D2B1F4406540090F0B6 /* MovieSearchTests.swift in Sources */,
			);
			runOnlyForDeploymentPostprocessing = 0;
		};
		A18C8D2D1F4406540090F0B6 /* Sources */ = {
			isa = PBXSourcesBuildPhase;
			buildActionMask = 2147483647;
			files = (
				A18C8D361F4406540090F0B6 /* MovieSearchUITests.swift in Sources */,
			);
			runOnlyForDeploymentPostprocessing = 0;
		};
/* End PBXSourcesBuildPhase section */

/* Begin PBXTargetDependency section */
		A18C8D281F4406540090F0B6 /* PBXTargetDependency */ = {
			isa = PBXTargetDependency;
			target = A18C8D111F4406530090F0B6 /* MovieSearch */;
			targetProxy = A18C8D271F4406540090F0B6 /* PBXContainerItemProxy */;
		};
		A18C8D331F4406540090F0B6 /* PBXTargetDependency */ = {
			isa = PBXTargetDependency;
			target = A18C8D111F4406530090F0B6 /* MovieSearch */;
			targetProxy = A18C8D321F4406540090F0B6 /* PBXContainerItemProxy */;
		};
/* End PBXTargetDependency section */

/* Begin PBXVariantGroup section */
		A18C8D191F4406540090F0B6 /* Main.storyboard */ = {
			isa = PBXVariantGroup;
			children = (
				A18C8D1A1F4406540090F0B6 /* Base */,
			);
			name = Main.storyboard;
			sourceTree = "<group>";
		};
		A18C8D1E1F4406540090F0B6 /* LaunchScreen.storyboard */ = {
			isa = PBXVariantGroup;
			children = (
				A18C8D1F1F4406540090F0B6 /* Base */,
			);
			name = LaunchScreen.storyboard;
			sourceTree = "<group>";
		};
/* End PBXVariantGroup section */

/* Begin XCBuildConfiguration section */
		A18C8D381F4406540090F0B6 /* Debug */ = {
			isa = XCBuildConfiguration;
			buildSettings = {
				ALWAYS_SEARCH_USER_PATHS = NO;
				CLANG_ANALYZER_NONNULL = YES;
				CLANG_ANALYZER_NUMBER_OBJECT_CONVERSION = YES_AGGRESSIVE;
				CLANG_CXX_LANGUAGE_STANDARD = "gnu++0x";
				CLANG_CXX_LIBRARY = "libc++";
				CLANG_ENABLE_MODULES = YES;
				CLANG_ENABLE_OBJC_ARC = YES;
				CLANG_WARN_BOOL_CONVERSION = YES;
				CLANG_WARN_CONSTANT_CONVERSION = YES;
				CLANG_WARN_DIRECT_OBJC_ISA_USAGE = YES_ERROR;
				CLANG_WARN_DOCUMENTATION_COMMENTS = YES;
				CLANG_WARN_EMPTY_BODY = YES;
				CLANG_WARN_ENUM_CONVERSION = YES;
				CLANG_WARN_INFINITE_RECURSION = YES;
				CLANG_WARN_INT_CONVERSION = YES;
				CLANG_WARN_OBJC_ROOT_CLASS = YES_ERROR;
				CLANG_WARN_SUSPICIOUS_MOVE = YES;
				CLANG_WARN_UNREACHABLE_CODE = YES;
				CLANG_WARN__DUPLICATE_METHOD_MATCH = YES;
				"CODE_SIGN_IDENTITY[sdk=iphoneos*]" = "iPhone Developer";
				COPY_PHASE_STRIP = NO;
				DEBUG_INFORMATION_FORMAT = dwarf;
				ENABLE_STRICT_OBJC_MSGSEND = YES;
				ENABLE_TESTABILITY = YES;
				GCC_C_LANGUAGE_STANDARD = gnu99;
				GCC_DYNAMIC_NO_PIC = NO;
				GCC_NO_COMMON_BLOCKS = YES;
				GCC_OPTIMIZATION_LEVEL = 0;
				GCC_PREPROCESSOR_DEFINITIONS = (
					"DEBUG=1",
					"$(inherited)",
				);
				GCC_WARN_64_TO_32_BIT_CONVERSION = YES;
				GCC_WARN_ABOUT_RETURN_TYPE = YES_ERROR;
				GCC_WARN_UNDECLARED_SELECTOR = YES;
				GCC_WARN_UNINITIALIZED_AUTOS = YES_AGGRESSIVE;
				GCC_WARN_UNUSED_FUNCTION = YES;
				GCC_WARN_UNUSED_VARIABLE = YES;
				IPHONEOS_DEPLOYMENT_TARGET = 10.3;
				MTL_ENABLE_DEBUG_INFO = YES;
				ONLY_ACTIVE_ARCH = YES;
				SDKROOT = iphoneos;
				SWIFT_ACTIVE_COMPILATION_CONDITIONS = DEBUG;
				SWIFT_OPTIMIZATION_LEVEL = "-Onone";
				TARGETED_DEVICE_FAMILY = "1,2";
			};
			name = Debug;
		};
		A18C8D391F4406540090F0B6 /* Release */ = {
			isa = XCBuildConfiguration;
			buildSettings = {
				ALWAYS_SEARCH_USER_PATHS = NO;
				CLANG_ANALYZER_NONNULL = YES;
				CLANG_ANALYZER_NUMBER_OBJECT_CONVERSION = YES_AGGRESSIVE;
				CLANG_CXX_LANGUAGE_STANDARD = "gnu++0x";
				CLANG_CXX_LIBRARY = "libc++";
				CLANG_ENABLE_MODULES = YES;
				CLANG_ENABLE_OBJC_ARC = YES;
				CLANG_WARN_BOOL_CONVERSION = YES;
				CLANG_WARN_CONSTANT_CONVERSION = YES;
				CLANG_WARN_DIRECT_OBJC_ISA_USAGE = YES_ERROR;
				CLANG_WARN_DOCUMENTATION_COMMENTS = YES;
				CLANG_WARN_EMPTY_BODY = YES;
				CLANG_WARN_ENUM_CONVERSION = YES;
				CLANG_WARN_INFINITE_RECURSION = YES;
				CLANG_WARN_INT_CONVERSION = YES;
				CLANG_WARN_OBJC_ROOT_CLASS = YES_ERROR;
				CLANG_WARN_SUSPICIOUS_MOVE = YES;
				CLANG_WARN_UNREACHABLE_CODE = YES;
				CLANG_WARN__DUPLICATE_METHOD_MATCH = YES;
				"CODE_SIGN_IDENTITY[sdk=iphoneos*]" = "iPhone Developer";
				COPY_PHASE_STRIP = NO;
				DEBUG_INFORMATION_FORMAT = "dwarf-with-dsym";
				ENABLE_NS_ASSERTIONS = NO;
				ENABLE_STRICT_OBJC_MSGSEND = YES;
				GCC_C_LANGUAGE_STANDARD = gnu99;
				GCC_NO_COMMON_BLOCKS = YES;
				GCC_WARN_64_TO_32_BIT_CONVERSION = YES;
				GCC_WARN_ABOUT_RETURN_TYPE = YES_ERROR;
				GCC_WARN_UNDECLARED_SELECTOR = YES;
				GCC_WARN_UNINITIALIZED_AUTOS = YES_AGGRESSIVE;
				GCC_WARN_UNUSED_FUNCTION = YES;
				GCC_WARN_UNUSED_VARIABLE = YES;
				IPHONEOS_DEPLOYMENT_TARGET = 10.3;
				MTL_ENABLE_DEBUG_INFO = NO;
				SDKROOT = iphoneos;
				SWIFT_OPTIMIZATION_LEVEL = "-Owholemodule";
				TARGETED_DEVICE_FAMILY = "1,2";
				VALIDATE_PRODUCT = YES;
			};
			name = Release;
		};
		A18C8D3B1F4406540090F0B6 /* Debug */ = {
			isa = XCBuildConfiguration;
			baseConfigurationReference = 88BC5CA30D138F38E74DCB9E /* Pods-MovieSearch.debug.xcconfig */;
			buildSettings = {
				ASSETCATALOG_COMPILER_APPICON_NAME = AppIcon;
				INFOPLIST_FILE = MovieSearch/Info.plist;
				LD_RUNPATH_SEARCH_PATHS = "$(inherited) @executable_path/Frameworks";
				PRODUCT_BUNDLE_IDENTIFIER = com.Fortun.MovieSearch;
				PRODUCT_NAME = "$(TARGET_NAME)";
				SWIFT_VERSION = 3.0;
			};
			name = Debug;
		};
		A18C8D3C1F4406540090F0B6 /* Release */ = {
			isa = XCBuildConfiguration;
			baseConfigurationReference = 34DE0D42CEBC2307BFD49DBD /* Pods-MovieSearch.release.xcconfig */;
			buildSettings = {
				ASSETCATALOG_COMPILER_APPICON_NAME = AppIcon;
				INFOPLIST_FILE = MovieSearch/Info.plist;
				LD_RUNPATH_SEARCH_PATHS = "$(inherited) @executable_path/Frameworks";
				PRODUCT_BUNDLE_IDENTIFIER = com.Fortun.MovieSearch;
				PRODUCT_NAME = "$(TARGET_NAME)";
				SWIFT_VERSION = 3.0;
			};
			name = Release;
		};
		A18C8D3E1F4406540090F0B6 /* Debug */ = {
			isa = XCBuildConfiguration;
			baseConfigurationReference = 05AAAF90B675615F88C9CB77 /* Pods-MovieSearchTests.debug.xcconfig */;
			buildSettings = {
				ALWAYS_EMBED_SWIFT_STANDARD_LIBRARIES = YES;
				BUNDLE_LOADER = "$(TEST_HOST)";
				INFOPLIST_FILE = MovieSearchTests/Info.plist;
				LD_RUNPATH_SEARCH_PATHS = "$(inherited) @executable_path/Frameworks @loader_path/Frameworks";
				PRODUCT_BUNDLE_IDENTIFIER = com.Fortun.MovieSearchTests;
				PRODUCT_NAME = "$(TARGET_NAME)";
				SWIFT_VERSION = 3.0;
				TEST_HOST = "$(BUILT_PRODUCTS_DIR)/MovieSearch.app/MovieSearch";
			};
			name = Debug;
		};
		A18C8D3F1F4406540090F0B6 /* Release */ = {
			isa = XCBuildConfiguration;
			baseConfigurationReference = 76C42AEC86BD86E60D3C2165 /* Pods-MovieSearchTests.release.xcconfig */;
			buildSettings = {
				ALWAYS_EMBED_SWIFT_STANDARD_LIBRARIES = YES;
				BUNDLE_LOADER = "$(TEST_HOST)";
				INFOPLIST_FILE = MovieSearchTests/Info.plist;
				LD_RUNPATH_SEARCH_PATHS = "$(inherited) @executable_path/Frameworks @loader_path/Frameworks";
				PRODUCT_BUNDLE_IDENTIFIER = com.Fortun.MovieSearchTests;
				PRODUCT_NAME = "$(TARGET_NAME)";
				SWIFT_VERSION = 3.0;
				TEST_HOST = "$(BUILT_PRODUCTS_DIR)/MovieSearch.app/MovieSearch";
			};
			name = Release;
		};
		A18C8D411F4406540090F0B6 /* Debug */ = {
			isa = XCBuildConfiguration;
			baseConfigurationReference = 3ED2CBBC8EEFB1CBC615F68B /* Pods-MovieSearchUITests.debug.xcconfig */;
			buildSettings = {
				ALWAYS_EMBED_SWIFT_STANDARD_LIBRARIES = YES;
				INFOPLIST_FILE = MovieSearchUITests/Info.plist;
				LD_RUNPATH_SEARCH_PATHS = "$(inherited) @executable_path/Frameworks @loader_path/Frameworks";
				PRODUCT_BUNDLE_IDENTIFIER = com.Fortun.MovieSearchUITests;
				PRODUCT_NAME = "$(TARGET_NAME)";
				SWIFT_VERSION = 3.0;
				TEST_TARGET_NAME = MovieSearch;
			};
			name = Debug;
		};
		A18C8D421F4406540090F0B6 /* Release */ = {
			isa = XCBuildConfiguration;
			baseConfigurationReference = A09B3D3569D1B86C0488C05B /* Pods-MovieSearchUITests.release.xcconfig */;
			buildSettings = {
				ALWAYS_EMBED_SWIFT_STANDARD_LIBRARIES = YES;
				INFOPLIST_FILE = MovieSearchUITests/Info.plist;
				LD_RUNPATH_SEARCH_PATHS = "$(inherited) @executable_path/Frameworks @loader_path/Frameworks";
				PRODUCT_BUNDLE_IDENTIFIER = com.Fortun.MovieSearchUITests;
				PRODUCT_NAME = "$(TARGET_NAME)";
				SWIFT_VERSION = 3.0;
				TEST_TARGET_NAME = MovieSearch;
			};
			name = Release;
		};
/* End XCBuildConfiguration section */

/* Begin XCConfigurationList section */
		A18C8D0D1F4406530090F0B6 /* Build configuration list for PBXProject "MovieSearch" */ = {
			isa = XCConfigurationList;
			buildConfigurations = (
				A18C8D381F4406540090F0B6 /* Debug */,
				A18C8D391F4406540090F0B6 /* Release */,
			);
			defaultConfigurationIsVisible = 0;
			defaultConfigurationName = Release;
		};
		A18C8D3A1F4406540090F0B6 /* Build configuration list for PBXNativeTarget "MovieSearch" */ = {
			isa = XCConfigurationList;
			buildConfigurations = (
				A18C8D3B1F4406540090F0B6 /* Debug */,
				A18C8D3C1F4406540090F0B6 /* Release */,
			);
			defaultConfigurationIsVisible = 0;
			defaultConfigurationName = Release;
		};
		A18C8D3D1F4406540090F0B6 /* Build configuration list for PBXNativeTarget "MovieSearchTests" */ = {
			isa = XCConfigurationList;
			buildConfigurations = (
				A18C8D3E1F4406540090F0B6 /* Debug */,
				A18C8D3F1F4406540090F0B6 /* Release */,
			);
			defaultConfigurationIsVisible = 0;
			defaultConfigurationName = Release;
		};
		A18C8D401F4406540090F0B6 /* Build configuration list for PBXNativeTarget "MovieSearchUITests" */ = {
			isa = XCConfigurationList;
			buildConfigurations = (
				A18C8D411F4406540090F0B6 /* Debug */,
				A18C8D421F4406540090F0B6 /* Release */,
			);
			defaultConfigurationIsVisible = 0;
			defaultConfigurationName = Release;
		};
/* End XCConfigurationList section */
	};
	rootObject = A18C8D0A1F4406530090F0B6 /* Project object */;
}
